{
  "name": "test_github_actions_caching",
  "version": "1.0.0",
  "lockfileVersion": 2,
  "requires": true,
  "packages": {
    "": {
      "name": "test_github_actions_caching",
      "version": "1.0.0",
      "license": "ISC",
      "dependencies": {
        "typescript": "^4.5.5"
      }
    },
    "node_modules/typescript": {
      "version": "4.5.5",
      "resolved": "https://cfa.jfrog.io/cfa/api/npm/npm/typescript/-/typescript-4.5.5.tgz",
      "integrity": "sha1-2MlTgy0okkqePTfHPXKchGxYlvM=",
      "license": "Apache-2.0",
      "bin": {
        "tsc": "bin/tsc",
        "tsserver": "bin/tsserver"
      },
      "engines": {
        "node": ">=4.2.0"
      }
    }
  },
  "dependencies": {
    "typescript": {
      "version": "4.5.5",
      "resolved": "https://cfa.jfrog.io/cfa/api/npm/npm/typescript/-/typescript-4.5.5.tgz",
      "integrity": "sha1-2MlTgy0okkqePTfHPXKchGxYlvM="
    }
  }
}
